// !$*UTF8*$!
{
	archiveVersion = 1;
	classes = {
	};
	objectVersion = 46;
	objects = {

/* Begin PBXBuildFile section */
		02137E2519CFC3AF00B22916 /* AppDelegate.swift in Sources */ = {isa = PBXBuildFile; fileRef = 02137E2419CFC3AF00B22916 /* AppDelegate.swift */; };
		02137E2719CFC3AF00B22916 /* ViewController.swift in Sources */ = {isa = PBXBuildFile; fileRef = 02137E2619CFC3AF00B22916 /* ViewController.swift */; };
		02137E2A19CFC3AF00B22916 /* Main.storyboard in Resources */ = {isa = PBXBuildFile; fileRef = 02137E2819CFC3AF00B22916 /* Main.storyboard */; };
		02137E2C19CFC3AF00B22916 /* Images.xcassets in Resources */ = {isa = PBXBuildFile; fileRef = 02137E2B19CFC3AF00B22916 /* Images.xcassets */; };
		02137E2F19CFC3AF00B22916 /* LaunchScreen.xib in Resources */ = {isa = PBXBuildFile; fileRef = 02137E2D19CFC3AF00B22916 /* LaunchScreen.xib */; };
		02137E3B19CFC3AF00B22916 /* HackerTypeTests.swift in Sources */ = {isa = PBXBuildFile; fileRef = 02137E3A19CFC3AF00B22916 /* HackerTypeTests.swift */; };
		02137E7B19CFEC8000B22916 /* kernel.txt in Resources */ = {isa = PBXBuildFile; fileRef = 02137E7A19CFEC8000B22916 /* kernel.txt */; };
/* End PBXBuildFile section */

/* Begin PBXContainerItemProxy section */
		02137E3519CFC3AF00B22916 /* PBXContainerItemProxy */ = {
			isa = PBXContainerItemProxy;
			containerPortal = 02137E1719CFC3AF00B22916 /* Project object */;
			proxyType = 1;
			remoteGlobalIDString = 02137E1E19CFC3AF00B22916;
			remoteInfo = HackerType;
		};
/* End PBXContainerItemProxy section */

/* Begin PBXFileReference section */
		02137E1F19CFC3AF00B22916 /* HackerType.app */ = {isa = PBXFileReference; explicitFileType = wrapper.application; includeInIndex = 0; path = HackerType.app; sourceTree = BUILT_PRODUCTS_DIR; };
		02137E2319CFC3AF00B22916 /* Info.plist */ = {isa = PBXFileReference; lastKnownFileType = text.plist.xml; path = Info.plist; sourceTree = "<group>"; };
		02137E2419CFC3AF00B22916 /* AppDelegate.swift */ = {isa = PBXFileReference; lastKnownFileType = sourcecode.swift; path = AppDelegate.swift; sourceTree = "<group>"; };
		02137E2619CFC3AF00B22916 /* ViewController.swift */ = {isa = PBXFileReference; lastKnownFileType = sourcecode.swift; path = ViewController.swift; sourceTree = "<group>"; };
		02137E2919CFC3AF00B22916 /* Base */ = {isa = PBXFileReference; lastKnownFileType = file.storyboard; name = Base; path = Base.lproj/Main.storyboard; sourceTree = "<group>"; };
		02137E2B19CFC3AF00B22916 /* Images.xcassets */ = {isa = PBXFileReference; lastKnownFileType = folder.assetcatalog; path = Images.xcassets; sourceTree = "<group>"; };
		02137E2E19CFC3AF00B22916 /* Base */ = {isa = PBXFileReference; lastKnownFileType = file.xib; name = Base; path = Base.lproj/LaunchScreen.xib; sourceTree = "<group>"; };
		02137E3419CFC3AF00B22916 /* HackerTypeTests.xctest */ = {isa = PBXFileReference; explicitFileType = wrapper.cfbundle; includeInIndex = 0; path = HackerTypeTests.xctest; sourceTree = BUILT_PRODUCTS_DIR; };
		02137E3919CFC3AF00B22916 /* Info.plist */ = {isa = PBXFileReference; lastKnownFileType = text.plist.xml; path = Info.plist; sourceTree = "<group>"; };
		02137E3A19CFC3AF00B22916 /* HackerTypeTests.swift */ = {isa = PBXFileReference; lastKnownFileType = sourcecode.swift; path = HackerTypeTests.swift; sourceTree = "<group>"; };
		02137E7A19CFEC8000B22916 /* kernel.txt */ = {isa = PBXFileReference; fileEncoding = 4; lastKnownFileType = text; path = kernel.txt; sourceTree = "<group>"; };
/* End PBXFileReference section */

/* Begin PBXFrameworksBuildPhase section */
		02137E1C19CFC3AF00B22916 /* Frameworks */ = {
			isa = PBXFrameworksBuildPhase;
			buildActionMask = 2147483647;
			files = (
			);
			runOnlyForDeploymentPostprocessing = 0;
		};
		02137E3119CFC3AF00B22916 /* Frameworks */ = {
			isa = PBXFrameworksBuildPhase;
			buildActionMask = 2147483647;
			files = (
			);
			runOnlyForDeploymentPostprocessing = 0;
		};
/* End PBXFrameworksBuildPhase section */

/* Begin PBXGroup section */
		02137E1619CFC3AF00B22916 = {
			isa = PBXGroup;
			children = (
				02137E8019CFF13B00B22916 /* Data */,
				02137E2119CFC3AF00B22916 /* HackerType */,
				02137E3719CFC3AF00B22916 /* HackerTypeTests */,
				02137E2019CFC3AF00B22916 /* Products */,
			);
			sourceTree = "<group>";
		};
		02137E2019CFC3AF00B22916 /* Products */ = {
			isa = PBXGroup;
			children = (
				02137E1F19CFC3AF00B22916 /* HackerType.app */,
				02137E3419CFC3AF00B22916 /* HackerTypeTests.xctest */,
			);
			name = Products;
			sourceTree = "<group>";
		};
		02137E2119CFC3AF00B22916 /* HackerType */ = {
			isa = PBXGroup;
			children = (
				02137E2419CFC3AF00B22916 /* AppDelegate.swift */,
				02137E2619CFC3AF00B22916 /* ViewController.swift */,
				02137E2819CFC3AF00B22916 /* Main.storyboard */,
				02137E2B19CFC3AF00B22916 /* Images.xcassets */,
				02137E2D19CFC3AF00B22916 /* LaunchScreen.xib */,
				02137E2219CFC3AF00B22916 /* Supporting Files */,
			);
			path = HackerType;
			sourceTree = "<group>";
		};
		02137E2219CFC3AF00B22916 /* Supporting Files */ = {
			isa = PBXGroup;
			children = (
				02137E2319CFC3AF00B22916 /* Info.plist */,
			);
			name = "Supporting Files";
			sourceTree = "<group>";
		};
		02137E3719CFC3AF00B22916 /* HackerTypeTests */ = {
			isa = PBXGroup;
			children = (
				02137E3A19CFC3AF00B22916 /* HackerTypeTests.swift */,
				02137E3819CFC3AF00B22916 /* Supporting Files */,
			);
			path = HackerTypeTests;
			sourceTree = "<group>";
		};
		02137E3819CFC3AF00B22916 /* Supporting Files */ = {
			isa = PBXGroup;
			children = (
				02137E3919CFC3AF00B22916 /* Info.plist */,
			);
			name = "Supporting Files";
			sourceTree = "<group>";
		};
		02137E8019CFF13B00B22916 /* Data */ = {
			isa = PBXGroup;
			children = (
				02137E7A19CFEC8000B22916 /* kernel.txt */,
			);
			name = Data;
			sourceTree = "<group>";
		};
/* End PBXGroup section */

/* Begin PBXNativeTarget section */
		02137E1E19CFC3AF00B22916 /* HackerType */ = {
			isa = PBXNativeTarget;
			buildConfigurationList = 02137E3E19CFC3AF00B22916 /* Build configuration list for PBXNativeTarget "HackerType" */;
			buildPhases = (
				02137E1B19CFC3AF00B22916 /* Sources */,
				02137E1C19CFC3AF00B22916 /* Frameworks */,
				02137E1D19CFC3AF00B22916 /* Resources */,
			);
			buildRules = (
			);
			dependencies = (
			);
			name = HackerType;
			productName = HackerType;
			productReference = 02137E1F19CFC3AF00B22916 /* HackerType.app */;
			productType = "com.apple.product-type.application";
		};
		02137E3319CFC3AF00B22916 /* HackerTypeTests */ = {
			isa = PBXNativeTarget;
			buildConfigurationList = 02137E4119CFC3AF00B22916 /* Build configuration list for PBXNativeTarget "HackerTypeTests" */;
			buildPhases = (
				02137E3019CFC3AF00B22916 /* Sources */,
				02137E3119CFC3AF00B22916 /* Frameworks */,
				02137E3219CFC3AF00B22916 /* Resources */,
			);
			buildRules = (
			);
			dependencies = (
				02137E3619CFC3AF00B22916 /* PBXTargetDependency */,
			);
			name = HackerTypeTests;
			productName = HackerTypeTests;
			productReference = 02137E3419CFC3AF00B22916 /* HackerTypeTests.xctest */;
			productType = "com.apple.product-type.bundle.unit-test";
		};
/* End PBXNativeTarget section */

/* Begin PBXProject section */
		02137E1719CFC3AF00B22916 /* Project object */ = {
			isa = PBXProject;
			attributes = {
				LastUpgradeCheck = 0600;
				ORGANIZATIONNAME = "Jerry Huang";
				TargetAttributes = {
					02137E1E19CFC3AF00B22916 = {
						CreatedOnToolsVersion = 6.0.1;
					};
					02137E3319CFC3AF00B22916 = {
						CreatedOnToolsVersion = 6.0.1;
						TestTargetID = 02137E1E19CFC3AF00B22916;
					};
				};
			};
			buildConfigurationList = 02137E1A19CFC3AF00B22916 /* Build configuration list for PBXProject "HackerType" */;
			compatibilityVersion = "Xcode 3.2";
			developmentRegion = English;
			hasScannedForEncodings = 0;
			knownRegions = (
				en,
				Base,
			);
			mainGroup = 02137E1619CFC3AF00B22916;
			productRefGroup = 02137E2019CFC3AF00B22916 /* Products */;
			projectDirPath = "";
			projectRoot = "";
			targets = (
				02137E1E19CFC3AF00B22916 /* HackerType */,
				02137E3319CFC3AF00B22916 /* HackerTypeTests */,
			);
		};
/* End PBXProject section */

/* Begin PBXResourcesBuildPhase section */
		02137E1D19CFC3AF00B22916 /* Resources */ = {
			isa = PBXResourcesBuildPhase;
			buildActionMask = 2147483647;
			files = (
				02137E2A19CFC3AF00B22916 /* Main.storyboard in Resources */,
				02137E7B19CFEC8000B22916 /* kernel.txt in Resources */,
				02137E2F19CFC3AF00B22916 /* LaunchScreen.xib in Resources */,
				02137E2C19CFC3AF00B22916 /* Images.xcassets in Resources */,
			);
			runOnlyForDeploymentPostprocessing = 0;
		};
		02137E3219CFC3AF00B22916 /* Resources */ = {
			isa = PBXResourcesBuildPhase;
			buildActionMask = 2147483647;
			files = (
			);
			runOnlyForDeploymentPostprocessing = 0;
		};
/* End PBXResourcesBuildPhase section */

/* Begin PBXSourcesBuildPhase section */
		02137E1B19CFC3AF00B22916 /* Sources */ = {
			isa = PBXSourcesBuildPhase;
			buildActionMask = 2147483647;
			files = (
				02137E2719CFC3AF00B22916 /* ViewController.swift in Sources */,
				02137E2519CFC3AF00B22916 /* AppDelegate.swift in Sources */,
			);
			runOnlyForDeploymentPostprocessing = 0;
		};
		02137E3019CFC3AF00B22916 /* Sources */ = {
			isa = PBXSourcesBuildPhase;
			buildActionMask = 2147483647;
			files = (
				02137E3B19CFC3AF00B22916 /* HackerTypeTests.swift in Sources */,
			);
			runOnlyForDeploymentPostprocessing = 0;
		};
/* End PBXSourcesBuildPhase section */

/* Begin PBXTargetDependency section */
		02137E3619CFC3AF00B22916 /* PBXTargetDependency */ = {
			isa = PBXTargetDependency;
			target = 02137E1E19CFC3AF00B22916 /* HackerType */;
			targetProxy = 02137E3519CFC3AF00B22916 /* PBXContainerItemProxy */;
		};
/* End PBXTargetDependency section */

/* Begin PBXVariantGroup section */
		02137E2819CFC3AF00B22916 /* Main.storyboard */ = {
			isa = PBXVariantGroup;
			children = (
				02137E2919CFC3AF00B22916 /* Base */,
			);
			name = Main.storyboard;
			sourceTree = "<group>";
		};
		02137E2D19CFC3AF00B22916 /* LaunchScreen.xib */ = {
			isa = PBXVariantGroup;
			children = (
				02137E2E19CFC3AF00B22916 /* Base */,
			);
			name = LaunchScreen.xib;
			sourceTree = "<group>";
		};
/* End PBXVariantGroup section */

/* Begin XCBuildConfiguration section */
		02137E3C19CFC3AF00B22916 /* Debug */ = {
			isa = XCBuildConfiguration;
			buildSettings = {
				ALWAYS_SEARCH_USER_PATHS = NO;
				CLANG_CXX_LANGUAGE_STANDARD = "gnu++0x";
				CLANG_CXX_LIBRARY = "libc++";
				CLANG_ENABLE_MODULES = YES;
				CLANG_ENABLE_OBJC_ARC = YES;
				CLANG_WARN_BOOL_CONVERSION = YES;
				CLANG_WARN_CONSTANT_CONVERSION = YES;
				CLANG_WARN_DIRECT_OBJC_ISA_USAGE = YES_ERROR;
				CLANG_WARN_EMPTY_BODY = YES;
				CLANG_WARN_ENUM_CONVERSION = YES;
				CLANG_WARN_INT_CONVERSION = YES;
				CLANG_WARN_OBJC_ROOT_CLASS = YES_ERROR;
				CLANG_WARN_UNREACHABLE_CODE = YES;
				CLANG_WARN__DUPLICATE_METHOD_MATCH = YES;
				"CODE_SIGN_IDENTITY[sdk=iphoneos*]" = "iPhone Developer";
				COPY_PHASE_STRIP = NO;
				ENABLE_STRICT_OBJC_MSGSEND = YES;
				GCC_C_LANGUAGE_STANDARD = gnu99;
				GCC_DYNAMIC_NO_PIC = NO;
				GCC_OPTIMIZATION_LEVEL = 0;
				GCC_PREPROCESSOR_DEFINITIONS = (
					"DEBUG=1",
					"$(inherited)",
				);
				GCC_SYMBOLS_PRIVATE_EXTERN = NO;
				GCC_WARN_64_TO_32_BIT_CONVERSION = YES;
				GCC_WARN_ABOUT_RETURN_TYPE = YES_ERROR;
				GCC_WARN_UNDECLARED_SELECTOR = YES;
				GCC_WARN_UNINITIALIZED_AUTOS = YES_AGGRESSIVE;
				GCC_WARN_UNUSED_FUNCTION = YES;
				GCC_WARN_UNUSED_VARIABLE = YES;
				IPHONEOS_DEPLOYMENT_TARGET = 8.0;
				MTL_ENABLE_DEBUG_INFO = YES;
				ONLY_ACTIVE_ARCH = YES;
				SDKROOT = iphoneos;
				SWIFT_OPTIMIZATION_LEVEL = "-Onone";
			};
			name = Debug;
		};
		02137E3D19CFC3AF00B22916 /* Release */ = {
			isa = XCBuildConfiguration;
			buildSettings = {
				ALWAYS_SEARCH_USER_PATHS = NO;
				CLANG_CXX_LANGUAGE_STANDARD = "gnu++0x";
				CLANG_CXX_LIBRARY = "libc++";
				CLANG_ENABLE_MODULES = YES;
				CLANG_ENABLE_OBJC_ARC = YES;
				CLANG_WARN_BOOL_CONVERSION = YES;
				CLANG_WARN_CONSTANT_CONVERSION = YES;
				CLANG_WARN_DIRECT_OBJC_ISA_USAGE = YES_ERROR;
				CLANG_WARN_EMPTY_BODY = YES;
				CLANG_WARN_ENUM_CONVERSION = YES;
				CLANG_WARN_INT_CONVERSION = YES;
				CLANG_WARN_OBJC_ROOT_CLASS = YES_ERROR;
				CLANG_WARN_UNREACHABLE_CODE = YES;
				CLANG_WARN__DUPLICATE_METHOD_MATCH = YES;
				"CODE_SIGN_IDENTITY[sdk=iphoneos*]" = "iPhone Developer";
				COPY_PHASE_STRIP = YES;
				ENABLE_NS_ASSERTIONS = NO;
				ENABLE_STRICT_OBJC_MSGSEND = YES;
				GCC_C_LANGUAGE_STANDARD = gnu99;
				GCC_WARN_64_TO_32_BIT_CONVERSION = YES;
				GCC_WARN_ABOUT_RETURN_TYPE = YES_ERROR;
				GCC_WARN_UNDECLARED_SELECTOR = YES;
				GCC_WARN_UNINITIALIZED_AUTOS = YES_AGGRESSIVE;
				GCC_WARN_UNUSED_FUNCTION = YES;
				GCC_WARN_UNUSED_VARIABLE = YES;
				IPHONEOS_DEPLOYMENT_TARGET = 8.0;
				MTL_ENABLE_DEBUG_INFO = NO;
				SDKROOT = iphoneos;
				VALIDATE_PRODUCT = YES;
			};
			name = Release;
		};
		02137E3F19CFC3AF00B22916 /* Debug */ = {
			isa = XCBuildConfiguration;
			buildSettings = {
				ASSETCATALOG_COMPILER_APPICON_NAME = AppIcon;
				INFOPLIST_FILE = HackerType/Info.plist;
				IPHONEOS_DEPLOYMENT_TARGET = 7.1;
				LD_RUNPATH_SEARCH_PATHS = "$(inherited) @executable_path/Frameworks";
				PRODUCT_NAME = "$(TARGET_NAME)";
			};
			name = Debug;
		};
		02137E4019CFC3AF00B22916 /* Release */ = {
			isa = XCBuildConfiguration;
			buildSettings = {
				ASSETCATALOG_COMPILER_APPICON_NAME = AppIcon;
				INFOPLIST_FILE = HackerType/Info.plist;
				IPHONEOS_DEPLOYMENT_TARGET = 7.1;
				LD_RUNPATH_SEARCH_PATHS = "$(inherited) @executable_path/Frameworks";
				PRODUCT_NAME = "$(TARGET_NAME)";
			};
			name = Release;
		};
		02137E4219CFC3AF00B22916 /* Debug */ = {
			isa = XCBuildConfiguration;
			buildSettings = {
				BUNDLE_LOADER = "$(TEST_HOST)";
				FRAMEWORK_SEARCH_PATHS = (
					"$(SDKROOT)/Developer/Library/Frameworks",
					"$(inherited)",
				);
				GCC_PREPROCESSOR_DEFINITIONS = (
					"DEBUG=1",
					"$(inherited)",
				);
				INFOPLIST_FILE = HackerTypeTests/Info.plist;
				LD_RUNPATH_SEARCH_PATHS = "$(inherited) @executable_path/Frameworks @loader_path/Frameworks";
				PRODUCT_NAME = "$(TARGET_NAME)";
				TEST_HOST = "$(BUILT_PRODUCTS_DIR)/HackerType.app/HackerType";
			};
			name = Debug;
		};
		02137E4319CFC3AF00B22916 /* Release */ = {
			isa = XCBuildConfiguration;
			buildSettings = {
				BUNDLE_LOADER = "$(TEST_HOST)";
				FRAMEWORK_SEARCH_PATHS = (
					"$(SDKROOT)/Developer/Library/Frameworks",
					"$(inherited)",
				);
				INFOPLIST_FILE = HackerTypeTests/Info.plist;
				LD_RUNPATH_SEARCH_PATHS = "$(inherited) @executable_path/Frameworks @loader_path/Frameworks";
				PRODUCT_NAME = "$(TARGET_NAME)";
				TEST_HOST = "$(BUILT_PRODUCTS_DIR)/HackerType.app/HackerType";
			};
			name = Release;
		};
/* End XCBuildConfiguration section */

/* Begin XCConfigurationList section */
		02137E1A19CFC3AF00B22916 /* Build configuration list for PBXProject "HackerType" */ = {
			isa = XCConfigurationList;
			buildConfigurations = (
				02137E3C19CFC3AF00B22916 /* Debug */,
				02137E3D19CFC3AF00B22916 /* Release */,
			);
			defaultConfigurationIsVisible = 0;
			defaultConfigurationName = Release;
		};
		02137E3E19CFC3AF00B22916 /* Build configuration list for PBXNativeTarget "HackerType" */ = {
			isa = XCConfigurationList;
			buildConfigurations = (
				02137E3F19CFC3AF00B22916 /* Debug */,
				02137E4019CFC3AF00B22916 /* Release */,
			);
			defaultConfigurationIsVisible = 0;
		};
		02137E4119CFC3AF00B22916 /* Build configuration list for PBXNativeTarget "HackerTypeTests" */ = {
			isa = XCConfigurationList;
			buildConfigurations = (
				02137E4219CFC3AF00B22916 /* Debug */,
				02137E4319CFC3AF00B22916 /* Release */,
			);
			defaultConfigurationIsVisible = 0;
		};
/* End XCConfigurationList section */
	};
	rootObject = 02137E1719CFC3AF00B22916 /* Project object */;
}
